
Microsoft Visual Studio Solution File, Format Version 12.00
# Visual Studio 2012
Project("{FAE04EC0-301F-11D3-BF4B-00C04F79EFBC}") = "Filtros", "Filtros\Filtros.csproj", "{29FAD181-9018-4B0D-8EF5-BBC4C26161B3}"
EndProject
Global
	GlobalSection(SolutionConfigurationPlatforms) = preSolution
		Debug|Any CPU = Debug|Any CPU
		Release|Any CPU = Release|Any CPU
	EndGlobalSection
	GlobalSection(ProjectConfigurationPlatforms) = postSolution
		{29FAD181-9018-4B0D-8EF5-BBC4C26161B3}.Debug|Any CPU.ActiveCfg = Debug|Any CPU
		{29FAD181-9018-4B0D-8EF5-BBC4C26161B3}.Debug|Any CPU.Build.0 = Debug|Any CPU
		{29FAD181-9018-4B0D-8EF5-BBC4C26161B3}.Release|Any CPU.ActiveCfg = Release|Any CPU
		{29FAD181-9018-4B0D-8EF5-BBC4C26161B3}.Release|Any CPU.Build.0 = Release|Any CPU
	EndGlobalSection
	GlobalSection(SolutionProperties) = preSolution
		HideSolutionNode = FALSE
	EndGlobalSection
EndGlobal
